
Microsoft Visual Studio Solution File, Format Version 12.00
# Visual Studio Version 16
VisualStudioVersion = 16.0.30907.101
MinimumVisualStudioVersion = 10.0.40219.1
Project("{FAE04EC0-301F-11D3-BF4B-00C04F79EFBC}") = "REAMS_Automation_Demo", "REAMS_Automation_Demo.csproj", "{9D2388B0-8FD4-44B3-8594-823807C1B639}"
EndProject
Global
	GlobalSection(SolutionConfigurationPlatforms) = preSolution
		Debug|Any CPU = Debug|Any CPU
		Release|Any CPU = Release|Any CPU
	EndGlobalSection
	GlobalSection(ProjectConfigurationPlatforms) = postSolution
		{9D2388B0-8FD4-44B3-8594-823807C1B639}.Debug|Any CPU.ActiveCfg = Debug|Any CPU
		{9D2388B0-8FD4-44B3-8594-823807C1B639}.Debug|Any CPU.Build.0 = Debug|Any CPU
		{9D2388B0-8FD4-44B3-8594-823807C1B639}.Release|Any CPU.ActiveCfg = Release|Any CPU
		{9D2388B0-8FD4-44B3-8594-823807C1B639}.Release|Any CPU.Build.0 = Release|Any CPU
	EndGlobalSection
	GlobalSection(SolutionProperties) = preSolution
		HideSolutionNode = FALSE
	EndGlobalSection
	GlobalSection(ExtensibilityGlobals) = postSolution
		SolutionGuid = {436456D8-819C-4946-89EC-EE65E165B967}
	EndGlobalSection
EndGlobal
